
Microsoft Visual Studio Solution File, Format Version 12.00
# Visual Studio Version 16
VisualStudioVersion = 16.0.31005.135
MinimumVisualStudioVersion = 10.0.40219.1
Project("{8BC9CEB8-8B4A-11D0-8D11-00A0C91BC942}") = "SerialPortCommunication", "SerialPortCommunication.vcxproj", "{05CAE1E8-6D89-4D67-821E-610F0F6EEB86}"
EndProject
Global
	GlobalSection(SolutionConfigurationPlatforms) = preSolution
		Debug|x64 = Debug|x64
		Debug|x86 = Debug|x86
		Release|x64 = Release|x64
		Release|x86 = Release|x86
	EndGlobalSection
	GlobalSection(ProjectConfigurationPlatforms) = postSolution
		{05CAE1E8-6D89-4D67-821E-610F0F6EEB86}.Debug|x64.ActiveCfg = Debug|x64
		{05CAE1E8-6D89-4D67-821E-610F0F6EEB86}.Debug|x64.Build.0 = Debug|x64
		{05CAE1E8-6D89-4D67-821E-610F0F6EEB86}.Debug|x86.ActiveCfg = Debug|Win32
		{05CAE1E8-6D89-4D67-821E-610F0F6EEB86}.Debug|x86.Build.0 = Debug|Win32
		{05CAE1E8-6D89-4D67-821E-610F0F6EEB86}.Release|x64.ActiveCfg = Release|x64
		{05CAE1E8-6D89-4D67-821E-610F0F6EEB86}.Release|x64.Build.0 = Release|x64
		{05CAE1E8-6D89-4D67-821E-610F0F6EEB86}.Release|x86.ActiveCfg = Release|Win32
		{05CAE1E8-6D89-4D67-821E-610F0F6EEB86}.Release|x86.Build.0 = Release|Win32
	EndGlobalSection
	GlobalSection(SolutionProperties) = preSolution
		HideSolutionNode = FALSE
	EndGlobalSection
	GlobalSection(ExtensibilityGlobals) = postSolution
		SolutionGuid = {CE5EC42A-C012-4850-85BD-973F6630EDB3}
	EndGlobalSection
EndGlobal
